
Microsoft Visual Studio Solution File, Format Version 12.00
# Visual Studio Version 16
VisualStudioVersion = 16.0.31702.278
MinimumVisualStudioVersion = 10.0.40219.1
Project("{FAE04EC0-301F-11D3-BF4B-00C04F79EFBC}") = "MyBanker", "MyBanker\MyBanker.csproj", "{0ECF9390-6B4B-41FB-B373-028AD379C2CC}"
EndProject
Global
	GlobalSection(SolutionConfigurationPlatforms) = preSolution
		Debug|Any CPU = Debug|Any CPU
		Release|Any CPU = Release|Any CPU
	EndGlobalSection
	GlobalSection(ProjectConfigurationPlatforms) = postSolution
		{0ECF9390-6B4B-41FB-B373-028AD379C2CC}.Debug|Any CPU.ActiveCfg = Debug|Any CPU
		{0ECF9390-6B4B-41FB-B373-028AD379C2CC}.Debug|Any CPU.Build.0 = Debug|Any CPU
		{0ECF9390-6B4B-41FB-B373-028AD379C2CC}.Release|Any CPU.ActiveCfg = Release|Any CPU
		{0ECF9390-6B4B-41FB-B373-028AD379C2CC}.Release|Any CPU.Build.0 = Release|Any CPU
	EndGlobalSection
	GlobalSection(SolutionProperties) = preSolution
		HideSolutionNode = FALSE
	EndGlobalSection
	GlobalSection(ExtensibilityGlobals) = postSolution
		SolutionGuid = {FB23C95A-B9DF-46BB-9DEA-6AAD5E3928AA}
	EndGlobalSection
EndGlobal
